
Microsoft Visual Studio Solution File, Format Version 12.00
# Visual Studio Version 17
VisualStudioVersion = 17.14.37301.10 d17.14
MinimumVisualStudioVersion = 10.0.40219.1
Project("{FAE04EC0-301F-11D3-BF4B-00C04F79EFBC}") = "RozgrywkaKoncowa", "RozgrywkaKoncowa\RozgrywkaKoncowa.csproj", "{E1C5CF2B-E9BD-4154-A358-70286C61CB17}"
EndProject
Global
	GlobalSection(SolutionConfigurationPlatforms) = preSolution
		Debug|Any CPU = Debug|Any CPU
		Release|Any CPU = Release|Any CPU
	EndGlobalSection
	GlobalSection(ProjectConfigurationPlatforms) = postSolution
		{E1C5CF2B-E9BD-4154-A358-70286C61CB17}.Debug|Any CPU.ActiveCfg = Debug|Any CPU
		{E1C5CF2B-E9BD-4154-A358-70286C61CB17}.Debug|Any CPU.Build.0 = Debug|Any CPU
		{E1C5CF2B-E9BD-4154-A358-70286C61CB17}.Release|Any CPU.ActiveCfg = Release|Any CPU
		{E1C5CF2B-E9BD-4154-A358-70286C61CB17}.Release|Any CPU.Build.0 = Release|Any CPU
	EndGlobalSection
	GlobalSection(SolutionProperties) = preSolution
		HideSolutionNode = FALSE
	EndGlobalSection
	GlobalSection(ExtensibilityGlobals) = postSolution
		SolutionGuid = {2BDD7BEB-DF86-495F-A762-268FCF918A83}
	EndGlobalSection
EndGlobal
